
Microsoft Visual Studio Solution File, Format Version 12.00
# Visual Studio Version 17
VisualStudioVersion = 17.7.34031.279
MinimumVisualStudioVersion = 10.0.40219.1
Project("{FAE04EC0-301F-11D3-BF4B-00C04F79EFBC}") = "Effet_des_cartes", "Effet_des_cartes\Effet_des_cartes.csproj", "{D3E5CDD2-CAF6-4D13-9173-99AD86301716}"
EndProject
Global
	GlobalSection(SolutionConfigurationPlatforms) = preSolution
		Debug|Any CPU = Debug|Any CPU
		Release|Any CPU = Release|Any CPU
	EndGlobalSection
	GlobalSection(ProjectConfigurationPlatforms) = postSolution
		{D3E5CDD2-CAF6-4D13-9173-99AD86301716}.Debug|Any CPU.ActiveCfg = Debug|Any CPU
		{D3E5CDD2-CAF6-4D13-9173-99AD86301716}.Debug|Any CPU.Build.0 = Debug|Any CPU
		{D3E5CDD2-CAF6-4D13-9173-99AD86301716}.Release|Any CPU.ActiveCfg = Release|Any CPU
		{D3E5CDD2-CAF6-4D13-9173-99AD86301716}.Release|Any CPU.Build.0 = Release|Any CPU
	EndGlobalSection
	GlobalSection(SolutionProperties) = preSolution
		HideSolutionNode = FALSE
	EndGlobalSection
	GlobalSection(ExtensibilityGlobals) = postSolution
		SolutionGuid = {42E83E12-7E5D-43E9-B87A-390F167284FF}
	EndGlobalSection
EndGlobal
